
Microsoft Visual Studio Solution File, Format Version 12.00
# Visual Studio Version 17
VisualStudioVersion = 17.2.32210.308
MinimumVisualStudioVersion = 10.0.40219.1
Project("{D954291E-2A0B-460D-934E-DC6B0785DB48}") = "UnoClockXamarin.Shared", "UnoClockXamarin\UnoClockXamarin.Shared\UnoClockXamarin.Shared.shproj", "{6279C845-92F8-4333-AB99-3D213163593C}"
EndProject
Project("{2150E333-8FDC-42A3-9474-1A3956D46DE8}") = "Platforms", "Platforms", "{2EB7D427-C78E-4793-B688-796393850EE6}"
EndProject
Project("{FAE04EC0-301F-11D3-BF4B-00C04F79EFBC}") = "UnoClockXamarin.Droid", "UnoClockXamarin\UnoClockXamarin.Droid\UnoClockXamarin.Droid.csproj", "{792739CB-98ED-4664-9BCE-2FD0EDFF752C}"
EndProject
Project("{FAE04EC0-301F-11D3-BF4B-00C04F79EFBC}") = "UnoClockXamarin.iOS", "UnoClockXamarin\UnoClockXamarin.iOS\UnoClockXamarin.iOS.csproj", "{D701614D-E413-408C-A14E-EAF3684C7EAE}"
EndProject
Project("{FAE04EC0-301F-11D3-BF4B-00C04F79EFBC}") = "UnoClockXamarin.UWP", "UnoClockXamarin\UnoClockXamarin.UWP\UnoClockXamarin.UWP.csproj", "{1A406EFB-F5D2-4B0F-9DFE-1BD9D64CCFEA}"
EndProject
Project("{FAE04EC0-301F-11D3-BF4B-00C04F79EFBC}") = "UnoClockXamarin.Wasm", "UnoClockXamarin\UnoClockXamarin.Wasm\UnoClockXamarin.Wasm.csproj", "{85AFC91F-CD39-46BD-BB1C-99F8ACA25878}"
EndProject
Project("{FAE04EC0-301F-11D3-BF4B-00C04F79EFBC}") = "UnoClockXamarin.macOS", "UnoClockXamarin\UnoClockXamarin.macOS\UnoClockXamarin.macOS.csproj", "{2F56FD6F-495B-4554-BB65-1B135CB8C3AF}"
EndProject
Project("{FAE04EC0-301F-11D3-BF4B-00C04F79EFBC}") = "UnoClockXamarin.Skia.Wpf.Host", "UnoClockXamarin\UnoClockXamarin.Skia.Wpf.Host\UnoClockXamarin.Skia.Wpf.Host.csproj", "{F8D3EF86-F54F-4736-B3C3-77BE275E063E}"
EndProject
Project("{FAE04EC0-301F-11D3-BF4B-00C04F79EFBC}") = "UnoClockXamarin.Skia.Wpf", "UnoClockXamarin\UnoClockXamarin.Skia.Wpf\UnoClockXamarin.Skia.Wpf.csproj", "{EB5BAA54-D05D-47E3-AE45-E5BBE27D92AE}"
EndProject
Project("{FAE04EC0-301F-11D3-BF4B-00C04F79EFBC}") = "UnoClockXamarin.Skia.Gtk", "UnoClockXamarin\UnoClockXamarin.Skia.Gtk\UnoClockXamarin.Skia.Gtk.csproj", "{47F5FD53-3343-497F-9FBA-607255906D07}"
EndProject
Project("{FAE04EC0-301F-11D3-BF4B-00C04F79EFBC}") = "UnoClockXamarin.Skia.Tizen", "UnoClockXamarin\UnoClockXamarin.Skia.Tizen\UnoClockXamarin.Skia.Tizen.csproj", "{B8CF88F1-B6B0-4EFF-BBE2-80276C4281DC}"
EndProject
Global
	GlobalSection(SharedMSBuildProjectFiles) = preSolution
		UnoClockXamarin\UnoClockXamarin.Shared\UnoClockXamarin.Shared.projitems*{1a406efb-f5d2-4b0f-9dfe-1bd9d64ccfea}*SharedItemsImports = 4
		UnoClockXamarin\UnoClockXamarin.Shared\UnoClockXamarin.Shared.projitems*{2f56fd6f-495b-4554-bb65-1b135cb8c3af}*SharedItemsImports = 4
		UnoClockXamarin\UnoClockXamarin.Shared\UnoClockXamarin.Shared.projitems*{47f5fd53-3343-497f-9fba-607255906d07}*SharedItemsImports = 5
		UnoClockXamarin\UnoClockXamarin.Shared\UnoClockXamarin.Shared.projitems*{6279c845-92f8-4333-ab99-3d213163593c}*SharedItemsImports = 13
		UnoClockXamarin\UnoClockXamarin.Shared\UnoClockXamarin.Shared.projitems*{792739cb-98ed-4664-9bce-2fd0edff752c}*SharedItemsImports = 4
		UnoClockXamarin\UnoClockXamarin.Shared\UnoClockXamarin.Shared.projitems*{85afc91f-cd39-46bd-bb1c-99f8aca25878}*SharedItemsImports = 5
		UnoClockXamarin\UnoClockXamarin.Shared\UnoClockXamarin.Shared.projitems*{b8cf88f1-b6b0-4eff-bbe2-80276c4281dc}*SharedItemsImports = 5
		UnoClockXamarin\UnoClockXamarin.Shared\UnoClockXamarin.Shared.projitems*{d701614d-e413-408c-a14e-eaf3684c7eae}*SharedItemsImports = 4
		UnoClockXamarin\UnoClockXamarin.Shared\UnoClockXamarin.Shared.projitems*{eb5baa54-d05d-47e3-ae45-e5bbe27d92ae}*SharedItemsImports = 5
	EndGlobalSection
	GlobalSection(SolutionConfigurationPlatforms) = preSolution
		Ad-Hoc|Any CPU = Ad-Hoc|Any CPU
		Ad-Hoc|ARM = Ad-Hoc|ARM
		Ad-Hoc|ARM64 = Ad-Hoc|ARM64
		Ad-Hoc|iPhone = Ad-Hoc|iPhone
		Ad-Hoc|iPhoneSimulator = Ad-Hoc|iPhoneSimulator
		Ad-Hoc|x64 = Ad-Hoc|x64
		Ad-Hoc|x86 = Ad-Hoc|x86
		AppStore|Any CPU = AppStore|Any CPU
		AppStore|ARM = AppStore|ARM
		AppStore|ARM64 = AppStore|ARM64
		AppStore|iPhone = AppStore|iPhone
		AppStore|iPhoneSimulator = AppStore|iPhoneSimulator
		AppStore|x64 = AppStore|x64
		AppStore|x86 = AppStore|x86
		Debug|Any CPU = Debug|Any CPU
		Debug|ARM = Debug|ARM
		Debug|ARM64 = Debug|ARM64
		Debug|iPhone = Debug|iPhone
		Debug|iPhoneSimulator = Debug|iPhoneSimulator
		Debug|x64 = Debug|x64
		Debug|x86 = Debug|x86
		Release|Any CPU = Release|Any CPU
		Release|ARM = Release|ARM
		Release|ARM64 = Release|ARM64
		Release|iPhone = Release|iPhone
		Release|iPhoneSimulator = Release|iPhoneSimulator
		Release|x64 = Release|x64
		Release|x86 = Release|x86
	EndGlobalSection
	GlobalSection(ProjectConfigurationPlatforms) = postSolution
		{792739CB-98ED-4664-9BCE-2FD0EDFF752C}.Ad-Hoc|Any CPU.ActiveCfg = Debug|Any CPU
		{792739CB-98ED-4664-9BCE-2FD0EDFF752C}.Ad-Hoc|Any CPU.Build.0 = Debug|Any CPU
		{792739CB-98ED-4664-9BCE-2FD0EDFF752C}.Ad-Hoc|Any CPU.Deploy.0 = Debug|Any CPU
		{792739CB-98ED-4664-9BCE-2FD0EDFF752C}.Ad-Hoc|ARM.ActiveCfg = Debug|Any CPU
		{792739CB-98ED-4664-9BCE-2FD0EDFF752C}.Ad-Hoc|ARM.Build.0 = Debug|Any CPU
		{792739CB-98ED-4664-9BCE-2FD0EDFF752C}.Ad-Hoc|ARM.Deploy.0 = Debug|Any CPU
		{792739CB-98ED-4664-9BCE-2FD0EDFF752C}.Ad-Hoc|ARM64.ActiveCfg = Debug|Any CPU
		{792739CB-98ED-4664-9BCE-2FD0EDFF752C}.Ad-Hoc|ARM64.Build.0 = Debug|Any CPU
		{792739CB-98ED-4664-9BCE-2FD0EDFF752C}.Ad-Hoc|ARM64.Deploy.0 = Debug|Any CPU
		{792739CB-98ED-4664-9BCE-2FD0EDFF752C}.Ad-Hoc|iPhone.ActiveCfg = Debug|Any CPU
		{792739CB-98ED-4664-9BCE-2FD0EDFF752C}.Ad-Hoc|iPhone.Build.0 = Debug|Any CPU
		{792739CB-98ED-4664-9BCE-2FD0EDFF752C}.Ad-Hoc|iPhone.Deploy.0 = Debug|Any CPU
		{792739CB-98ED-4664-9BCE-2FD0EDFF752C}.Ad-Hoc|iPhoneSimulator.ActiveCfg = Debug|Any CPU
		{792739CB-98ED-4664-9BCE-2FD0EDFF752C}.Ad-Hoc|iPhoneSimulator.Build.0 = Debug|Any CPU
		{792739CB-98ED-4664-9BCE-2FD0EDFF752C}.Ad-Hoc|iPhoneSimulator.Deploy.0 = Debug|Any CPU
		{792739CB-98ED-4664-9BCE-2FD0EDFF752C}.Ad-Hoc|x64.ActiveCfg = Debug|Any CPU
		{792739CB-98ED-4664-9BCE-2FD0EDFF752C}.Ad-Hoc|x64.Build.0 = Debug|Any CPU
		{792739CB-98ED-4664-9BCE-2FD0EDFF752C}.Ad-Hoc|x64.Deploy.0 = Debug|Any CPU
		{792739CB-98ED-4664-9BCE-2FD0EDFF752C}.Ad-Hoc|x86.ActiveCfg = Debug|Any CPU
		{792739CB-98ED-4664-9BCE-2FD0EDFF752C}.Ad-Hoc|x86.Build.0 = Debug|Any CPU
		{792739CB-98ED-4664-9BCE-2FD0EDFF752C}.Ad-Hoc|x86.Deploy.0 = Debug|Any CPU
		{792739CB-98ED-4664-9BCE-2FD0EDFF752C}.AppStore|Any CPU.ActiveCfg = Debug|Any CPU
		{792739CB-98ED-4664-9BCE-2FD0EDFF752C}.AppStore|Any CPU.Build.0 = Debug|Any CPU
		{792739CB-98ED-4664-9BCE-2FD0EDFF752C}.AppStore|Any CPU.Deploy.0 = Debug|Any CPU
		{792739CB-98ED-4664-9BCE-2FD0EDFF752C}.AppStore|ARM.ActiveCfg = Debug|Any CPU
		{792739CB-98ED-4664-9BCE-2FD0EDFF752C}.AppStore|ARM.Build.0 = Debug|Any CPU
		{792739CB-98ED-4664-9BCE-2FD0EDFF752C}.AppStore|ARM.Deploy.0 = Debug|Any CPU
		{792739CB-98ED-4664-9BCE-2FD0EDFF752C}.AppStore|ARM64.ActiveCfg = Debug|Any CPU
		{792739CB-98ED-4664-9BCE-2FD0EDFF752C}.AppStore|ARM64.Build.0 = Debug|Any CPU
		{792739CB-98ED-4664-9BCE-2FD0EDFF752C}.AppStore|ARM64.Deploy.0 = Debug|Any CPU
		{792739CB-98ED-4664-9BCE-2FD0EDFF752C}.AppStore|iPhone.ActiveCfg = Debug|Any CPU
		{792739CB-98ED-4664-9BCE-2FD0EDFF752C}.AppStore|iPhone.Build.0 = Debug|Any CPU
		{792739CB-98ED-4664-9BCE-2FD0EDFF752C}.AppStore|iPhone.Deploy.0 = Debug|Any CPU
		{792739CB-98ED-4664-9BCE-2FD0EDFF752C}.AppStore|iPhoneSimulator.ActiveCfg = Debug|Any CPU
		{792739CB-98ED-4664-9BCE-2FD0EDFF752C}.AppStore|iPhoneSimulator.Build.0 = Debug|Any CPU
		{792739CB-98ED-4664-9BCE-2FD0EDFF752C}.AppStore|iPhoneSimulator.Deploy.0 = Debug|Any CPU
		{792739CB-98ED-4664-9BCE-2FD0EDFF752C}.AppStore|x64.ActiveCfg = Debug|Any CPU
		{792739CB-98ED-4664-9BCE-2FD0EDFF752C}.AppStore|x64.Build.0 = Debug|Any CPU
		{792739CB-98ED-4664-9BCE-2FD0EDFF752C}.AppStore|x64.Deploy.0 = Debug|Any CPU
		{792739CB-98ED-4664-9BCE-2FD0EDFF752C}.AppStore|x86.ActiveCfg = Debug|Any CPU
		{792739CB-98ED-4664-9BCE-2FD0EDFF752C}.AppStore|x86.Build.0 = Debug|Any CPU
		{792739CB-98ED-4664-9BCE-2FD0EDFF752C}.AppStore|x86.Deploy.0 = Debug|Any CPU
		{792739CB-98ED-4664-9BCE-2FD0EDFF752C}.Debug|Any CPU.ActiveCfg = Debug|Any CPU
		{792739CB-98ED-4664-9BCE-2FD0EDFF752C}.Debug|Any CPU.Build.0 = Debug|Any CPU
		{792739CB-98ED-4664-9BCE-2FD0EDFF752C}.Debug|Any CPU.Deploy.0 = Debug|Any CPU
		{792739CB-98ED-4664-9BCE-2FD0EDFF752C}.Debug|ARM.ActiveCfg = Debug|Any CPU
		{792739CB-98ED-4664-9BCE-2FD0EDFF752C}.Debug|ARM.Build.0 = Debug|Any CPU
		{792739CB-98ED-4664-9BCE-2FD0EDFF752C}.Debug|ARM.Deploy.0 = Debug|Any CPU
		{792739CB-98ED-4664-9BCE-2FD0EDFF752C}.Debug|ARM64.ActiveCfg = Debug|Any CPU
		{792739CB-98ED-4664-9BCE-2FD0EDFF752C}.Debug|ARM64.Build.0 = Debug|Any CPU
		{792739CB-98ED-4664-9BCE-2FD0EDFF752C}.Debug|ARM64.Deploy.0 = Debug|Any CPU
		{792739CB-98ED-4664-9BCE-2FD0EDFF752C}.Debug|iPhone.ActiveCfg = Debug|Any CPU
		{792739CB-98ED-4664-9BCE-2FD0EDFF752C}.Debug|iPhone.Build.0 = Debug|Any CPU
		{792739CB-98ED-4664-9BCE-2FD0EDFF752C}.Debug|iPhone.Deploy.0 = Debug|Any CPU
		{792739CB-98ED-4664-9BCE-2FD0EDFF752C}.Debug|iPhoneSimulator.ActiveCfg = Debug|Any CPU
		{792739CB-98ED-4664-9BCE-2FD0EDFF752C}.Debug|iPhoneSimulator.Build.0 = Debug|Any CPU
		{792739CB-98ED-4664-9BCE-2FD0EDFF752C}.Debug|iPhoneSimulator.Deploy.0 = Debug|Any CPU
		{792739CB-98ED-4664-9BCE-2FD0EDFF752C}.Debug|x64.ActiveCfg = Debug|Any CPU
		{792739CB-98ED-4664-9BCE-2FD0EDFF752C}.Debug|x64.Build.0 = Debug|Any CPU
		{792739CB-98ED-4664-9BCE-2FD0EDFF752C}.Debug|x64.Deploy.0 = Debug|Any CPU
		{792739CB-98ED-4664-9BCE-2FD0EDFF752C}.Debug|x86.ActiveCfg = Debug|Any CPU
		{792739CB-98ED-4664-9BCE-2FD0EDFF752C}.Debug|x86.Build.0 = Debug|Any CPU
		{792739CB-98ED-4664-9BCE-2FD0EDFF752C}.Debug|x86.Deploy.0 = Debug|Any CPU
		{792739CB-98ED-4664-9BCE-2FD0EDFF752C}.Release|Any CPU.ActiveCfg = Release|Any CPU
		{792739CB-98ED-4664-9BCE-2FD0EDFF752C}.Release|Any CPU.Build.0 = Release|Any CPU
		{792739CB-98ED-4664-9BCE-2FD0EDFF752C}.Release|Any CPU.Deploy.0 = Release|Any CPU
		{792739CB-98ED-4664-9BCE-2FD0EDFF752C}.Release|ARM.ActiveCfg = Release|Any CPU
		{792739CB-98ED-4664-9BCE-2FD0EDFF752C}.Release|ARM.Build.0 = Release|Any CPU
		{792739CB-98ED-4664-9BCE-2FD0EDFF752C}.Release|ARM.Deploy.0 = Release|Any CPU
		{792739CB-98ED-4664-9BCE-2FD0EDFF752C}.Release|ARM64.ActiveCfg = Release|Any CPU
		{792739CB-98ED-4664-9BCE-2FD0EDFF752C}.Release|ARM64.Build.0 = Release|Any CPU
		{792739CB-98ED-4664-9BCE-2FD0EDFF752C}.Release|ARM64.Deploy.0 = Release|Any CPU
		{792739CB-98ED-4664-9BCE-2FD0EDFF752C}.Release|iPhone.ActiveCfg = Release|Any CPU
		{792739CB-98ED-4664-9BCE-2FD0EDFF752C}.Release|iPhone.Build.0 = Release|Any CPU
		{792739CB-98ED-4664-9BCE-2FD0EDFF752C}.Release|iPhone.Deploy.0 = Release|Any CPU
		{792739CB-98ED-4664-9BCE-2FD0EDFF752C}.Release|iPhoneSimulator.ActiveCfg = Release|Any CPU
		{792739CB-98ED-4664-9BCE-2FD0EDFF752C}.Release|iPhoneSimulator.Build.0 = Release|Any CPU
		{792739CB-98ED-4664-9BCE-2FD0EDFF752C}.Release|iPhoneSimulator.Deploy.0 = Release|Any CPU
		{792739CB-98ED-4664-9BCE-2FD0EDFF752C}.Release|x64.ActiveCfg = Release|Any CPU
		{792739CB-98ED-4664-9BCE-2FD0EDFF752C}.Release|x64.Build.0 = Release|Any CPU
		{792739CB-98ED-4664-9BCE-2FD0EDFF752C}.Release|x64.Deploy.0 = Release|Any CPU
		{792739CB-98ED-4664-9BCE-2FD0EDFF752C}.Release|x86.ActiveCfg = Release|Any CPU
		{792739CB-98ED-4664-9BCE-2FD0EDFF752C}.Release|x86.Build.0 = Release|Any CPU
		{792739CB-98ED-4664-9BCE-2FD0EDFF752C}.Release|x86.Deploy.0 = Release|Any CPU
		{D701614D-E413-408C-A14E-EAF3684C7EAE}.Ad-Hoc|Any CPU.ActiveCfg = Ad-Hoc|iPhoneSimulator
		{D701614D-E413-408C-A14E-EAF3684C7EAE}.Ad-Hoc|Any CPU.Build.0 = Ad-Hoc|iPhoneSimulator
		{D701614D-E413-408C-A14E-EAF3684C7EAE}.Ad-Hoc|ARM.ActiveCfg = Ad-Hoc|iPhoneSimulator
		{D701614D-E413-408C-A14E-EAF3684C7EAE}.Ad-Hoc|ARM.Build.0 = Ad-Hoc|iPhoneSimulator
		{D701614D-E413-408C-A14E-EAF3684C7EAE}.Ad-Hoc|ARM64.ActiveCfg = Ad-Hoc|iPhoneSimulator
		{D701614D-E413-408C-A14E-EAF3684C7EAE}.Ad-Hoc|ARM64.Build.0 = Ad-Hoc|iPhoneSimulator
		{D701614D-E413-408C-A14E-EAF3684C7EAE}.Ad-Hoc|iPhone.ActiveCfg = Ad-Hoc|iPhone
		{D701614D-E413-408C-A14E-EAF3684C7EAE}.Ad-Hoc|iPhone.Build.0 = Ad-Hoc|iPhone
		{D701614D-E413-408C-A14E-EAF3684C7EAE}.Ad-Hoc|iPhoneSimulator.ActiveCfg = Ad-Hoc|iPhoneSimulator
		{D701614D-E413-408C-A14E-EAF3684C7EAE}.Ad-Hoc|iPhoneSimulator.Build.0 = Ad-Hoc|iPhoneSimulator
		{D701614D-E413-408C-A14E-EAF3684C7EAE}.Ad-Hoc|x64.ActiveCfg = Ad-Hoc|iPhoneSimulator
		{D701614D-E413-408C-A14E-EAF3684C7EAE}.Ad-Hoc|x64.Build.0 = Ad-Hoc|iPhoneSimulator
		{D701614D-E413-408C-A14E-EAF3684C7EAE}.Ad-Hoc|x86.ActiveCfg = Ad-Hoc|iPhoneSimulator
		{D701614D-E413-408C-A14E-EAF3684C7EAE}.Ad-Hoc|x86.Build.0 = Ad-Hoc|iPhoneSimulator
		{D701614D-E413-408C-A14E-EAF3684C7EAE}.AppStore|Any CPU.ActiveCfg = AppStore|iPhoneSimulator
		{D701614D-E413-408C-A14E-EAF3684C7EAE}.AppStore|Any CPU.Build.0 = AppStore|iPhoneSimulator
		{D701614D-E413-408C-A14E-EAF3684C7EAE}.AppStore|ARM.ActiveCfg = AppStore|iPhoneSimulator
		{D701614D-E413-408C-A14E-EAF3684C7EAE}.AppStore|ARM.Build.0 = AppStore|iPhoneSimulator
		{D701614D-E413-408C-A14E-EAF3684C7EAE}.AppStore|ARM64.ActiveCfg = AppStore|iPhoneSimulator
		{D701614D-E413-408C-A14E-EAF3684C7EAE}.AppStore|ARM64.Build.0 = AppStore|iPhoneSimulator
		{D701614D-E413-408C-A14E-EAF3684C7EAE}.AppStore|iPhone.ActiveCfg = AppStore|iPhone
		{D701614D-E413-408C-A14E-EAF3684C7EAE}.AppStore|iPhone.Build.0 = AppStore|iPhone
		{D701614D-E413-408C-A14E-EAF3684C7EAE}.AppStore|iPhoneSimulator.ActiveCfg = AppStore|iPhoneSimulator
		{D701614D-E413-408C-A14E-EAF3684C7EAE}.AppStore|iPhoneSimulator.Build.0 = AppStore|iPhoneSimulator
		{D701614D-E413-408C-A14E-EAF3684C7EAE}.AppStore|x64.ActiveCfg = AppStore|iPhoneSimulator
		{D701614D-E413-408C-A14E-EAF3684C7EAE}.AppStore|x64.Build.0 = AppStore|iPhoneSimulator
		{D701614D-E413-408C-A14E-EAF3684C7EAE}.AppStore|x86.ActiveCfg = AppStore|iPhoneSimulator
		{D701614D-E413-408C-A14E-EAF3684C7EAE}.AppStore|x86.Build.0 = AppStore|iPhoneSimulator
		{D701614D-E413-408C-A14E-EAF3684C7EAE}.Debug|Any CPU.ActiveCfg = Debug|iPhoneSimulator
		{D701614D-E413-408C-A14E-EAF3684C7EAE}.Debug|Any CPU.Build.0 = Debug|iPhoneSimulator
		{D701614D-E413-408C-A14E-EAF3684C7EAE}.Debug|ARM.ActiveCfg = Debug|iPhoneSimulator
		{D701614D-E413-408C-A14E-EAF3684C7EAE}.Debug|ARM.Build.0 = Debug|iPhoneSimulator
		{D701614D-E413-408C-A14E-EAF3684C7EAE}.Debug|ARM64.ActiveCfg = Debug|iPhoneSimulator
		{D701614D-E413-408C-A14E-EAF3684C7EAE}.Debug|ARM64.Build.0 = Debug|iPhoneSimulator
		{D701614D-E413-408C-A14E-EAF3684C7EAE}.Debug|iPhone.ActiveCfg = Debug|iPhone
		{D701614D-E413-408C-A14E-EAF3684C7EAE}.Debug|iPhone.Build.0 = Debug|iPhone
		{D701614D-E413-408C-A14E-EAF3684C7EAE}.Debug|iPhoneSimulator.ActiveCfg = Debug|iPhoneSimulator
		{D701614D-E413-408C-A14E-EAF3684C7EAE}.Debug|iPhoneSimulator.Build.0 = Debug|iPhoneSimulator
		{D701614D-E413-408C-A14E-EAF3684C7EAE}.Debug|x64.ActiveCfg = Debug|iPhoneSimulator
		{D701614D-E413-408C-A14E-EAF3684C7EAE}.Debug|x64.Build.0 = Debug|iPhoneSimulator
		{D701614D-E413-408C-A14E-EAF3684C7EAE}.Debug|x86.ActiveCfg = Debug|iPhoneSimulator
		{D701614D-E413-408C-A14E-EAF3684C7EAE}.Debug|x86.Build.0 = Debug|iPhoneSimulator
		{D701614D-E413-408C-A14E-EAF3684C7EAE}.Release|Any CPU.ActiveCfg = Release|iPhoneSimulator
		{D701614D-E413-408C-A14E-EAF3684C7EAE}.Release|Any CPU.Build.0 = Release|iPhoneSimulator
		{D701614D-E413-408C-A14E-EAF3684C7EAE}.Release|ARM.ActiveCfg = Release|iPhoneSimulator
		{D701614D-E413-408C-A14E-EAF3684C7EAE}.Release|ARM.Build.0 = Release|iPhoneSimulator
		{D701614D-E413-408C-A14E-EAF3684C7EAE}.Release|ARM64.ActiveCfg = Release|iPhoneSimulator
		{D701614D-E413-408C-A14E-EAF3684C7EAE}.Release|ARM64.Build.0 = Release|iPhoneSimulator
		{D701614D-E413-408C-A14E-EAF3684C7EAE}.Release|iPhone.ActiveCfg = Release|iPhone
		{D701614D-E413-408C-A14E-EAF3684C7EAE}.Release|iPhone.Build.0 = Release|iPhone
		{D701614D-E413-408C-A14E-EAF3684C7EAE}.Release|iPhoneSimulator.ActiveCfg = Release|iPhoneSimulator
		{D701614D-E413-408C-A14E-EAF3684C7EAE}.Release|iPhoneSimulator.Build.0 = Release|iPhoneSimulator
		{D701614D-E413-408C-A14E-EAF3684C7EAE}.Release|x64.ActiveCfg = Release|iPhoneSimulator
		{D701614D-E413-408C-A14E-EAF3684C7EAE}.Release|x64.Build.0 = Release|iPhoneSimulator
		{D701614D-E413-408C-A14E-EAF3684C7EAE}.Release|x86.ActiveCfg = Release|iPhoneSimulator
		{D701614D-E413-408C-A14E-EAF3684C7EAE}.Release|x86.Build.0 = Release|iPhoneSimulator
		{1A406EFB-F5D2-4B0F-9DFE-1BD9D64CCFEA}.Ad-Hoc|Any CPU.ActiveCfg = Debug|x86
		{1A406EFB-F5D2-4B0F-9DFE-1BD9D64CCFEA}.Ad-Hoc|Any CPU.Build.0 = Debug|x86
		{1A406EFB-F5D2-4B0F-9DFE-1BD9D64CCFEA}.Ad-Hoc|Any CPU.Deploy.0 = Debug|x86
		{1A406EFB-F5D2-4B0F-9DFE-1BD9D64CCFEA}.Ad-Hoc|ARM.ActiveCfg = Debug|ARM
		{1A406EFB-F5D2-4B0F-9DFE-1BD9D64CCFEA}.Ad-Hoc|ARM.Build.0 = Debug|ARM
		{1A406EFB-F5D2-4B0F-9DFE-1BD9D64CCFEA}.Ad-Hoc|ARM.Deploy.0 = Debug|ARM
		{1A406EFB-F5D2-4B0F-9DFE-1BD9D64CCFEA}.Ad-Hoc|ARM64.ActiveCfg = Debug|ARM64
		{1A406EFB-F5D2-4B0F-9DFE-1BD9D64CCFEA}.Ad-Hoc|ARM64.Build.0 = Debug|ARM64
		{1A406EFB-F5D2-4B0F-9DFE-1BD9D64CCFEA}.Ad-Hoc|ARM64.Deploy.0 = Debug|ARM64
		{1A406EFB-F5D2-4B0F-9DFE-1BD9D64CCFEA}.Ad-Hoc|iPhone.ActiveCfg = Debug|x86
		{1A406EFB-F5D2-4B0F-9DFE-1BD9D64CCFEA}.Ad-Hoc|iPhone.Build.0 = Debug|x86
		{1A406EFB-F5D2-4B0F-9DFE-1BD9D64CCFEA}.Ad-Hoc|iPhone.Deploy.0 = Debug|x86
		{1A406EFB-F5D2-4B0F-9DFE-1BD9D64CCFEA}.Ad-Hoc|iPhoneSimulator.ActiveCfg = Debug|x86
		{1A406EFB-F5D2-4B0F-9DFE-1BD9D64CCFEA}.Ad-Hoc|iPhoneSimulator.Build.0 = Debug|x86
		{1A406EFB-F5D2-4B0F-9DFE-1BD9D64CCFEA}.Ad-Hoc|iPhoneSimulator.Deploy.0 = Debug|x86
		{1A406EFB-F5D2-4B0F-9DFE-1BD9D64CCFEA}.Ad-Hoc|x64.ActiveCfg = Debug|x64
		{1A406EFB-F5D2-4B0F-9DFE-1BD9D64CCFEA}.Ad-Hoc|x64.Build.0 = Debug|x64
		{1A406EFB-F5D2-4B0F-9DFE-1BD9D64CCFEA}.Ad-Hoc|x64.Deploy.0 = Debug|x64
		{1A406EFB-F5D2-4B0F-9DFE-1BD9D64CCFEA}.Ad-Hoc|x86.ActiveCfg = Debug|x86
		{1A406EFB-F5D2-4B0F-9DFE-1BD9D64CCFEA}.Ad-Hoc|x86.Build.0 = Debug|x86
		{1A406EFB-F5D2-4B0F-9DFE-1BD9D64CCFEA}.Ad-Hoc|x86.Deploy.0 = Debug|x86
		{1A406EFB-F5D2-4B0F-9DFE-1BD9D64CCFEA}.AppStore|Any CPU.ActiveCfg = Debug|x86
		{1A406EFB-F5D2-4B0F-9DFE-1BD9D64CCFEA}.AppStore|Any CPU.Build.0 = Debug|x86
		{1A406EFB-F5D2-4B0F-9DFE-1BD9D64CCFEA}.AppStore|Any CPU.Deploy.0 = Debug|x86
		{1A406EFB-F5D2-4B0F-9DFE-1BD9D64CCFEA}.AppStore|ARM.ActiveCfg = Debug|ARM
		{1A406EFB-F5D2-4B0F-9DFE-1BD9D64CCFEA}.AppStore|ARM.Build.0 = Debug|ARM
		{1A406EFB-F5D2-4B0F-9DFE-1BD9D64CCFEA}.AppStore|ARM.Deploy.0 = Debug|ARM
		{1A406EFB-F5D2-4B0F-9DFE-1BD9D64CCFEA}.AppStore|ARM64.ActiveCfg = Debug|ARM64
		{1A406EFB-F5D2-4B0F-9DFE-1BD9D64CCFEA}.AppStore|ARM64.Build.0 = Debug|ARM64
		{1A406EFB-F5D2-4B0F-9DFE-1BD9D64CCFEA}.AppStore|ARM64.Deploy.0 = Debug|ARM64
		{1A406EFB-F5D2-4B0F-9DFE-1BD9D64CCFEA}.AppStore|iPhone.ActiveCfg = Debug|x86
		{1A406EFB-F5D2-4B0F-9DFE-1BD9D64CCFEA}.AppStore|iPhone.Build.0 = Debug|x86
		{1A406EFB-F5D2-4B0F-9DFE-1BD9D64CCFEA}.AppStore|iPhone.Deploy.0 = Debug|x86
		{1A406EFB-F5D2-4B0F-9DFE-1BD9D64CCFEA}.AppStore|iPhoneSimulator.ActiveCfg = Debug|x86
		{1A406EFB-F5D2-4B0F-9DFE-1BD9D64CCFEA}.AppStore|iPhoneSimulator.Build.0 = Debug|x86
		{1A406EFB-F5D2-4B0F-9DFE-1BD9D64CCFEA}.AppStore|iPhoneSimulator.Deploy.0 = Debug|x86
		{1A406EFB-F5D2-4B0F-9DFE-1BD9D64CCFEA}.AppStore|x64.ActiveCfg = Debug|x64
		{1A406EFB-F5D2-4B0F-9DFE-1BD9D64CCFEA}.AppStore|x64.Build.0 = Debug|x64
		{1A406EFB-F5D2-4B0F-9DFE-1BD9D64CCFEA}.AppStore|x64.Deploy.0 = Debug|x64
		{1A406EFB-F5D2-4B0F-9DFE-1BD9D64CCFEA}.AppStore|x86.ActiveCfg = Debug|x86
		{1A406EFB-F5D2-4B0F-9DFE-1BD9D64CCFEA}.AppStore|x86.Build.0 = Debug|x86
		{1A406EFB-F5D2-4B0F-9DFE-1BD9D64CCFEA}.AppStore|x86.Deploy.0 = Debug|x86
		{1A406EFB-F5D2-4B0F-9DFE-1BD9D64CCFEA}.Debug|Any CPU.ActiveCfg = Debug|x64
		{1A406EFB-F5D2-4B0F-9DFE-1BD9D64CCFEA}.Debug|Any CPU.Build.0 = Debug|x64
		{1A406EFB-F5D2-4B0F-9DFE-1BD9D64CCFEA}.Debug|Any CPU.Deploy.0 = Debug|x64
		{1A406EFB-F5D2-4B0F-9DFE-1BD9D64CCFEA}.Debug|ARM.ActiveCfg = Debug|ARM
		{1A406EFB-F5D2-4B0F-9DFE-1BD9D64CCFEA}.Debug|ARM.Build.0 = Debug|ARM
		{1A406EFB-F5D2-4B0F-9DFE-1BD9D64CCFEA}.Debug|ARM.Deploy.0 = Debug|ARM
		{1A406EFB-F5D2-4B0F-9DFE-1BD9D64CCFEA}.Debug|ARM64.ActiveCfg = Debug|ARM64
		{1A406EFB-F5D2-4B0F-9DFE-1BD9D64CCFEA}.Debug|ARM64.Build.0 = Debug|ARM64
		{1A406EFB-F5D2-4B0F-9DFE-1BD9D64CCFEA}.Debug|ARM64.Deploy.0 = Debug|ARM64
		{1A406EFB-F5D2-4B0F-9DFE-1BD9D64CCFEA}.Debug|iPhone.ActiveCfg = Debug|x64
		{1A406EFB-F5D2-4B0F-9DFE-1BD9D64CCFEA}.Debug|iPhone.Build.0 = Debug|x64
		{1A406EFB-F5D2-4B0F-9DFE-1BD9D64CCFEA}.Debug|iPhone.Deploy.0 = Debug|x64
		{1A406EFB-F5D2-4B0F-9DFE-1BD9D64CCFEA}.Debug|iPhoneSimulator.ActiveCfg = Debug|x64
		{1A406EFB-F5D2-4B0F-9DFE-1BD9D64CCFEA}.Debug|iPhoneSimulator.Build.0 = Debug|x64
		{1A406EFB-F5D2-4B0F-9DFE-1BD9D64CCFEA}.Debug|iPhoneSimulator.Deploy.0 = Debug|x64
		{1A406EFB-F5D2-4B0F-9DFE-1BD9D64CCFEA}.Debug|x64.ActiveCfg = Debug|x64
		{1A406EFB-F5D2-4B0F-9DFE-1BD9D64CCFEA}.Debug|x64.Build.0 = Debug|x64
		{1A406EFB-F5D2-4B0F-9DFE-1BD9D64CCFEA}.Debug|x64.Deploy.0 = Debug|x64
		{1A406EFB-F5D2-4B0F-9DFE-1BD9D64CCFEA}.Debug|x86.ActiveCfg = Debug|x86
		{1A406EFB-F5D2-4B0F-9DFE-1BD9D64CCFEA}.Debug|x86.Build.0 = Debug|x86
		{1A406EFB-F5D2-4B0F-9DFE-1BD9D64CCFEA}.Debug|x86.Deploy.0 = Debug|x86
		{1A406EFB-F5D2-4B0F-9DFE-1BD9D64CCFEA}.Release|Any CPU.ActiveCfg = Release|x64
		{1A406EFB-F5D2-4B0F-9DFE-1BD9D64CCFEA}.Release|Any CPU.Build.0 = Release|x64
		{1A406EFB-F5D2-4B0F-9DFE-1BD9D64CCFEA}.Release|Any CPU.Deploy.0 = Release|x64
		{1A406EFB-F5D2-4B0F-9DFE-1BD9D64CCFEA}.Release|ARM.ActiveCfg = Release|ARM
		{1A406EFB-F5D2-4B0F-9DFE-1BD9D64CCFEA}.Release|ARM.Build.0 = Release|ARM
		{1A406EFB-F5D2-4B0F-9DFE-1BD9D64CCFEA}.Release|ARM.Deploy.0 = Release|ARM
		{1A406EFB-F5D2-4B0F-9DFE-1BD9D64CCFEA}.Release|ARM64.ActiveCfg = Release|ARM64
		{1A406EFB-F5D2-4B0F-9DFE-1BD9D64CCFEA}.Release|ARM64.Build.0 = Release|ARM64
		{1A406EFB-F5D2-4B0F-9DFE-1BD9D64CCFEA}.Release|ARM64.Deploy.0 = Release|ARM64
		{1A406EFB-F5D2-4B0F-9DFE-1BD9D64CCFEA}.Release|iPhone.ActiveCfg = Release|x64
		{1A406EFB-F5D2-4B0F-9DFE-1BD9D64CCFEA}.Release|iPhone.Build.0 = Release|x64
		{1A406EFB-F5D2-4B0F-9DFE-1BD9D64CCFEA}.Release|iPhone.Deploy.0 = Release|x64
		{1A406EFB-F5D2-4B0F-9DFE-1BD9D64CCFEA}.Release|iPhoneSimulator.ActiveCfg = Release|x64
		{1A406EFB-F5D2-4B0F-9DFE-1BD9D64CCFEA}.Release|iPhoneSimulator.Build.0 = Release|x64
		{1A406EFB-F5D2-4B0F-9DFE-1BD9D64CCFEA}.Release|iPhoneSimulator.Deploy.0 = Release|x64
		{1A406EFB-F5D2-4B0F-9DFE-1BD9D64CCFEA}.Release|x64.ActiveCfg = Release|x64
		{1A406EFB-F5D2-4B0F-9DFE-1BD9D64CCFEA}.Release|x64.Build.0 = Release|x64
		{1A406EFB-F5D2-4B0F-9DFE-1BD9D64CCFEA}.Release|x64.Deploy.0 = Release|x64
		{1A406EFB-F5D2-4B0F-9DFE-1BD9D64CCFEA}.Release|x86.ActiveCfg = Release|x86
		{1A406EFB-F5D2-4B0F-9DFE-1BD9D64CCFEA}.Release|x86.Build.0 = Release|x86
		{1A406EFB-F5D2-4B0F-9DFE-1BD9D64CCFEA}.Release|x86.Deploy.0 = Release|x86
		{85AFC91F-CD39-46BD-BB1C-99F8ACA25878}.Ad-Hoc|Any CPU.ActiveCfg = Debug|Any CPU
		{85AFC91F-CD39-46BD-BB1C-99F8ACA25878}.Ad-Hoc|Any CPU.Build.0 = Debug|Any CPU
		{85AFC91F-CD39-46BD-BB1C-99F8ACA25878}.Ad-Hoc|ARM.ActiveCfg = Debug|Any CPU
		{85AFC91F-CD39-46BD-BB1C-99F8ACA25878}.Ad-Hoc|ARM.Build.0 = Debug|Any CPU
		{85AFC91F-CD39-46BD-BB1C-99F8ACA25878}.Ad-Hoc|ARM64.ActiveCfg = Debug|Any CPU
		{85AFC91F-CD39-46BD-BB1C-99F8ACA25878}.Ad-Hoc|ARM64.Build.0 = Debug|Any CPU
		{85AFC91F-CD39-46BD-BB1C-99F8ACA25878}.Ad-Hoc|iPhone.ActiveCfg = Debug|Any CPU
		{85AFC91F-CD39-46BD-BB1C-99F8ACA25878}.Ad-Hoc|iPhone.Build.0 = Debug|Any CPU
		{85AFC91F-CD39-46BD-BB1C-99F8ACA25878}.Ad-Hoc|iPhoneSimulator.ActiveCfg = Debug|Any CPU
		{85AFC91F-CD39-46BD-BB1C-99F8ACA25878}.Ad-Hoc|iPhoneSimulator.Build.0 = Debug|Any CPU
		{85AFC91F-CD39-46BD-BB1C-99F8ACA25878}.Ad-Hoc|x64.ActiveCfg = Debug|Any CPU
		{85AFC91F-CD39-46BD-BB1C-99F8ACA25878}.Ad-Hoc|x64.Build.0 = Debug|Any CPU
		{85AFC91F-CD39-46BD-BB1C-99F8ACA25878}.Ad-Hoc|x86.ActiveCfg = Debug|Any CPU
		{85AFC91F-CD39-46BD-BB1C-99F8ACA25878}.Ad-Hoc|x86.Build.0 = Debug|Any CPU
		{85AFC91F-CD39-46BD-BB1C-99F8ACA25878}.AppStore|Any CPU.ActiveCfg = Debug|Any CPU
		{85AFC91F-CD39-46BD-BB1C-99F8ACA25878}.AppStore|Any CPU.Build.0 = Debug|Any CPU
		{85AFC91F-CD39-46BD-BB1C-99F8ACA25878}.AppStore|ARM.ActiveCfg = Debug|Any CPU
		{85AFC91F-CD39-46BD-BB1C-99F8ACA25878}.AppStore|ARM.Build.0 = Debug|Any CPU
		{85AFC91F-CD39-46BD-BB1C-99F8ACA25878}.AppStore|ARM64.ActiveCfg = Debug|Any CPU
		{85AFC91F-CD39-46BD-BB1C-99F8ACA25878}.AppStore|ARM64.Build.0 = Debug|Any CPU
		{85AFC91F-CD39-46BD-BB1C-99F8ACA25878}.AppStore|iPhone.ActiveCfg = Debug|Any CPU
		{85AFC91F-CD39-46BD-BB1C-99F8ACA25878}.AppStore|iPhone.Build.0 = Debug|Any CPU
		{85AFC91F-CD39-46BD-BB1C-99F8ACA25878}.AppStore|iPhoneSimulator.ActiveCfg = Debug|Any CPU
		{85AFC91F-CD39-46BD-BB1C-99F8ACA25878}.AppStore|iPhoneSimulator.Build.0 = Debug|Any CPU
		{85AFC91F-CD39-46BD-BB1C-99F8ACA25878}.AppStore|x64.ActiveCfg = Debug|Any CPU
		{85AFC91F-CD39-46BD-BB1C-99F8ACA25878}.AppStore|x64.Build.0 = Debug|Any CPU
		{85AFC91F-CD39-46BD-BB1C-99F8ACA25878}.AppStore|x86.ActiveCfg = Debug|Any CPU
		{85AFC91F-CD39-46BD-BB1C-99F8ACA25878}.AppStore|x86.Build.0 = Debug|Any CPU
		{85AFC91F-CD39-46BD-BB1C-99F8ACA25878}.Debug|Any CPU.ActiveCfg = Debug|Any CPU
		{85AFC91F-CD39-46BD-BB1C-99F8ACA25878}.Debug|Any CPU.Build.0 = Debug|Any CPU
		{85AFC91F-CD39-46BD-BB1C-99F8ACA25878}.Debug|ARM.ActiveCfg = Debug|Any CPU
		{85AFC91F-CD39-46BD-BB1C-99F8ACA25878}.Debug|ARM.Build.0 = Debug|Any CPU
		{85AFC91F-CD39-46BD-BB1C-99F8ACA25878}.Debug|ARM64.ActiveCfg = Debug|Any CPU
		{85AFC91F-CD39-46BD-BB1C-99F8ACA25878}.Debug|ARM64.Build.0 = Debug|Any CPU
		{85AFC91F-CD39-46BD-BB1C-99F8ACA25878}.Debug|iPhone.ActiveCfg = Debug|Any CPU
		{85AFC91F-CD39-46BD-BB1C-99F8ACA25878}.Debug|iPhone.Build.0 = Debug|Any CPU
		{85AFC91F-CD39-46BD-BB1C-99F8ACA25878}.Debug|iPhoneSimulator.ActiveCfg = Debug|Any CPU
		{85AFC91F-CD39-46BD-BB1C-99F8ACA25878}.Debug|iPhoneSimulator.Build.0 = Debug|Any CPU
		{85AFC91F-CD39-46BD-BB1C-99F8ACA25878}.Debug|x64.ActiveCfg = Debug|Any CPU
		{85AFC91F-CD39-46BD-BB1C-99F8ACA25878}.Debug|x64.Build.0 = Debug|Any CPU
		{85AFC91F-CD39-46BD-BB1C-99F8ACA25878}.Debug|x86.ActiveCfg = Debug|Any CPU
		{85AFC91F-CD39-46BD-BB1C-99F8ACA25878}.Debug|x86.Build.0 = Debug|Any CPU
		{85AFC91F-CD39-46BD-BB1C-99F8ACA25878}.Release|Any CPU.ActiveCfg = Release|Any CPU
		{85AFC91F-CD39-46BD-BB1C-99F8ACA25878}.Release|Any CPU.Build.0 = Release|Any CPU
		{85AFC91F-CD39-46BD-BB1C-99F8ACA25878}.Release|ARM.ActiveCfg = Release|Any CPU
		{85AFC91F-CD39-46BD-BB1C-99F8ACA25878}.Release|ARM.Build.0 = Release|Any CPU
		{85AFC91F-CD39-46BD-BB1C-99F8ACA25878}.Release|ARM64.ActiveCfg = Release|Any CPU
		{85AFC91F-CD39-46BD-BB1C-99F8ACA25878}.Release|ARM64.Build.0 = Release|Any CPU
		{85AFC91F-CD39-46BD-BB1C-99F8ACA25878}.Release|iPhone.ActiveCfg = Release|Any CPU
		{85AFC91F-CD39-46BD-BB1C-99F8ACA25878}.Release|iPhone.Build.0 = Release|Any CPU
		{85AFC91F-CD39-46BD-BB1C-99F8ACA25878}.Release|iPhoneSimulator.ActiveCfg = Release|Any CPU
		{85AFC91F-CD39-46BD-BB1C-99F8ACA25878}.Release|iPhoneSimulator.Build.0 = Release|Any CPU
		{85AFC91F-CD39-46BD-BB1C-99F8ACA25878}.Release|x64.ActiveCfg = Release|Any CPU
		{85AFC91F-CD39-46BD-BB1C-99F8ACA25878}.Release|x64.Build.0 = Release|Any CPU
		{85AFC91F-CD39-46BD-BB1C-99F8ACA25878}.Release|x86.ActiveCfg = Release|Any CPU
		{85AFC91F-CD39-46BD-BB1C-99F8ACA25878}.Release|x86.Build.0 = Release|Any CPU
		{2F56FD6F-495B-4554-BB65-1B135CB8C3AF}.Ad-Hoc|Any CPU.ActiveCfg = Debug|iPhoneSimulator
		{2F56FD6F-495B-4554-BB65-1B135CB8C3AF}.Ad-Hoc|Any CPU.Build.0 = Debug|iPhoneSimulator
		{2F56FD6F-495B-4554-BB65-1B135CB8C3AF}.Ad-Hoc|ARM.ActiveCfg = Debug|iPhoneSimulator
		{2F56FD6F-495B-4554-BB65-1B135CB8C3AF}.Ad-Hoc|ARM.Build.0 = Debug|iPhoneSimulator
		{2F56FD6F-495B-4554-BB65-1B135CB8C3AF}.Ad-Hoc|ARM64.ActiveCfg = Debug|iPhoneSimulator
		{2F56FD6F-495B-4554-BB65-1B135CB8C3AF}.Ad-Hoc|ARM64.Build.0 = Debug|iPhoneSimulator
		{2F56FD6F-495B-4554-BB65-1B135CB8C3AF}.Ad-Hoc|iPhone.ActiveCfg = Debug|iPhoneSimulator
		{2F56FD6F-495B-4554-BB65-1B135CB8C3AF}.Ad-Hoc|iPhone.Build.0 = Debug|iPhoneSimulator
		{2F56FD6F-495B-4554-BB65-1B135CB8C3AF}.Ad-Hoc|iPhoneSimulator.ActiveCfg = Debug|iPhoneSimulator
		{2F56FD6F-495B-4554-BB65-1B135CB8C3AF}.Ad-Hoc|iPhoneSimulator.Build.0 = Debug|iPhoneSimulator
		{2F56FD6F-495B-4554-BB65-1B135CB8C3AF}.Ad-Hoc|x64.ActiveCfg = Debug|iPhoneSimulator
		{2F56FD6F-495B-4554-BB65-1B135CB8C3AF}.Ad-Hoc|x64.Build.0 = Debug|iPhoneSimulator
		{2F56FD6F-495B-4554-BB65-1B135CB8C3AF}.Ad-Hoc|x86.ActiveCfg = Debug|iPhoneSimulator
		{2F56FD6F-495B-4554-BB65-1B135CB8C3AF}.Ad-Hoc|x86.Build.0 = Debug|iPhoneSimulator
		{2F56FD6F-495B-4554-BB65-1B135CB8C3AF}.AppStore|Any CPU.ActiveCfg = Debug|iPhoneSimulator
		{2F56FD6F-495B-4554-BB65-1B135CB8C3AF}.AppStore|Any CPU.Build.0 = Debug|iPhoneSimulator
		{2F56FD6F-495B-4554-BB65-1B135CB8C3AF}.AppStore|ARM.ActiveCfg = Debug|iPhoneSimulator
		{2F56FD6F-495B-4554-BB65-1B135CB8C3AF}.AppStore|ARM.Build.0 = Debug|iPhoneSimulator
		{2F56FD6F-495B-4554-BB65-1B135CB8C3AF}.AppStore|ARM64.ActiveCfg = Debug|iPhoneSimulator
		{2F56FD6F-495B-4554-BB65-1B135CB8C3AF}.AppStore|ARM64.Build.0 = Debug|iPhoneSimulator
		{2F56FD6F-495B-4554-BB65-1B135CB8C3AF}.AppStore|iPhone.ActiveCfg = Debug|iPhoneSimulator
		{2F56FD6F-495B-4554-BB65-1B135CB8C3AF}.AppStore|iPhone.Build.0 = Debug|iPhoneSimulator
		{2F56FD6F-495B-4554-BB65-1B135CB8C3AF}.AppStore|iPhoneSimulator.ActiveCfg = Debug|iPhoneSimulator
		{2F56FD6F-495B-4554-BB65-1B135CB8C3AF}.AppStore|iPhoneSimulator.Build.0 = Debug|iPhoneSimulator
		{2F56FD6F-495B-4554-BB65-1B135CB8C3AF}.AppStore|x64.ActiveCfg = Debug|iPhoneSimulator
		{2F56FD6F-495B-4554-BB65-1B135CB8C3AF}.AppStore|x64.Build.0 = Debug|iPhoneSimulator
		{2F56FD6F-495B-4554-BB65-1B135CB8C3AF}.AppStore|x86.ActiveCfg = Debug|iPhoneSimulator
		{2F56FD6F-495B-4554-BB65-1B135CB8C3AF}.AppStore|x86.Build.0 = Debug|iPhoneSimulator
		{2F56FD6F-495B-4554-BB65-1B135CB8C3AF}.Debug|Any CPU.ActiveCfg = Debug|iPhoneSimulator
		{2F56FD6F-495B-4554-BB65-1B135CB8C3AF}.Debug|Any CPU.Build.0 = Debug|iPhoneSimulator
		{2F56FD6F-495B-4554-BB65-1B135CB8C3AF}.Debug|ARM.ActiveCfg = Debug|iPhoneSimulator
		{2F56FD6F-495B-4554-BB65-1B135CB8C3AF}.Debug|ARM.Build.0 = Debug|iPhoneSimulator
		{2F56FD6F-495B-4554-BB65-1B135CB8C3AF}.Debug|ARM64.ActiveCfg = Debug|iPhoneSimulator
		{2F56FD6F-495B-4554-BB65-1B135CB8C3AF}.Debug|ARM64.Build.0 = Debug|iPhoneSimulator
		{2F56FD6F-495B-4554-BB65-1B135CB8C3AF}.Debug|iPhone.ActiveCfg = Debug|iPhoneSimulator
		{2F56FD6F-495B-4554-BB65-1B135CB8C3AF}.Debug|iPhone.Build.0 = Debug|iPhoneSimulator
		{2F56FD6F-495B-4554-BB65-1B135CB8C3AF}.Debug|iPhoneSimulator.ActiveCfg = Debug|iPhoneSimulator
		{2F56FD6F-495B-4554-BB65-1B135CB8C3AF}.Debug|iPhoneSimulator.Build.0 = Debug|iPhoneSimulator
		{2F56FD6F-495B-4554-BB65-1B135CB8C3AF}.Debug|x64.ActiveCfg = Debug|iPhoneSimulator
		{2F56FD6F-495B-4554-BB65-1B135CB8C3AF}.Debug|x64.Build.0 = Debug|iPhoneSimulator
		{2F56FD6F-495B-4554-BB65-1B135CB8C3AF}.Debug|x86.ActiveCfg = Debug|iPhoneSimulator
		{2F56FD6F-495B-4554-BB65-1B135CB8C3AF}.Debug|x86.Build.0 = Debug|iPhoneSimulator
		{2F56FD6F-495B-4554-BB65-1B135CB8C3AF}.Release|Any CPU.ActiveCfg = Release|iPhoneSimulator
		{2F56FD6F-495B-4554-BB65-1B135CB8C3AF}.Release|Any CPU.Build.0 = Release|iPhoneSimulator
		{2F56FD6F-495B-4554-BB65-1B135CB8C3AF}.Release|ARM.ActiveCfg = Release|iPhoneSimulator
		{2F56FD6F-495B-4554-BB65-1B135CB8C3AF}.Release|ARM.Build.0 = Release|iPhoneSimulator
		{2F56FD6F-495B-4554-BB65-1B135CB8C3AF}.Release|ARM64.ActiveCfg = Release|iPhoneSimulator
		{2F56FD6F-495B-4554-BB65-1B135CB8C3AF}.Release|ARM64.Build.0 = Release|iPhoneSimulator
		{2F56FD6F-495B-4554-BB65-1B135CB8C3AF}.Release|iPhone.ActiveCfg = Release|iPhoneSimulator
		{2F56FD6F-495B-4554-BB65-1B135CB8C3AF}.Release|iPhone.Build.0 = Release|iPhoneSimulator
		{2F56FD6F-495B-4554-BB65-1B135CB8C3AF}.Release|iPhoneSimulator.ActiveCfg = Release|iPhoneSimulator
		{2F56FD6F-495B-4554-BB65-1B135CB8C3AF}.Release|iPhoneSimulator.Build.0 = Release|iPhoneSimulator
		{2F56FD6F-495B-4554-BB65-1B135CB8C3AF}.Release|x64.ActiveCfg = Release|iPhoneSimulator
		{2F56FD6F-495B-4554-BB65-1B135CB8C3AF}.Release|x64.Build.0 = Release|iPhoneSimulator
		{2F56FD6F-495B-4554-BB65-1B135CB8C3AF}.Release|x86.ActiveCfg = Release|iPhoneSimulator
		{2F56FD6F-495B-4554-BB65-1B135CB8C3AF}.Release|x86.Build.0 = Release|iPhoneSimulator
		{F8D3EF86-F54F-4736-B3C3-77BE275E063E}.Ad-Hoc|Any CPU.ActiveCfg = Debug|Any CPU
		{F8D3EF86-F54F-4736-B3C3-77BE275E063E}.Ad-Hoc|Any CPU.Build.0 = Debug|Any CPU
		{F8D3EF86-F54F-4736-B3C3-77BE275E063E}.Ad-Hoc|ARM.ActiveCfg = Debug|Any CPU
		{F8D3EF86-F54F-4736-B3C3-77BE275E063E}.Ad-Hoc|ARM.Build.0 = Debug|Any CPU
		{F8D3EF86-F54F-4736-B3C3-77BE275E063E}.Ad-Hoc|ARM64.ActiveCfg = Debug|Any CPU
		{F8D3EF86-F54F-4736-B3C3-77BE275E063E}.Ad-Hoc|ARM64.Build.0 = Debug|Any CPU
		{F8D3EF86-F54F-4736-B3C3-77BE275E063E}.Ad-Hoc|iPhone.ActiveCfg = Debug|Any CPU
		{F8D3EF86-F54F-4736-B3C3-77BE275E063E}.Ad-Hoc|iPhone.Build.0 = Debug|Any CPU
		{F8D3EF86-F54F-4736-B3C3-77BE275E063E}.Ad-Hoc|iPhoneSimulator.ActiveCfg = Debug|Any CPU
		{F8D3EF86-F54F-4736-B3C3-77BE275E063E}.Ad-Hoc|iPhoneSimulator.Build.0 = Debug|Any CPU
		{F8D3EF86-F54F-4736-B3C3-77BE275E063E}.Ad-Hoc|x64.ActiveCfg = Debug|Any CPU
		{F8D3EF86-F54F-4736-B3C3-77BE275E063E}.Ad-Hoc|x64.Build.0 = Debug|Any CPU
		{F8D3EF86-F54F-4736-B3C3-77BE275E063E}.Ad-Hoc|x86.ActiveCfg = Debug|Any CPU
		{F8D3EF86-F54F-4736-B3C3-77BE275E063E}.Ad-Hoc|x86.Build.0 = Debug|Any CPU
		{F8D3EF86-F54F-4736-B3C3-77BE275E063E}.AppStore|Any CPU.ActiveCfg = Debug|Any CPU
		{F8D3EF86-F54F-4736-B3C3-77BE275E063E}.AppStore|Any CPU.Build.0 = Debug|Any CPU
		{F8D3EF86-F54F-4736-B3C3-77BE275E063E}.AppStore|ARM.ActiveCfg = Debug|Any CPU
		{F8D3EF86-F54F-4736-B3C3-77BE275E063E}.AppStore|ARM.Build.0 = Debug|Any CPU
		{F8D3EF86-F54F-4736-B3C3-77BE275E063E}.AppStore|ARM64.ActiveCfg = Debug|Any CPU
		{F8D3EF86-F54F-4736-B3C3-77BE275E063E}.AppStore|ARM64.Build.0 = Debug|Any CPU
		{F8D3EF86-F54F-4736-B3C3-77BE275E063E}.AppStore|iPhone.ActiveCfg = Debug|Any CPU
		{F8D3EF86-F54F-4736-B3C3-77BE275E063E}.AppStore|iPhone.Build.0 = Debug|Any CPU
		{F8D3EF86-F54F-4736-B3C3-77BE275E063E}.AppStore|iPhoneSimulator.ActiveCfg = Debug|Any CPU
		{F8D3EF86-F54F-4736-B3C3-77BE275E063E}.AppStore|iPhoneSimulator.Build.0 = Debug|Any CPU
		{F8D3EF86-F54F-4736-B3C3-77BE275E063E}.AppStore|x64.ActiveCfg = Debug|Any CPU
		{F8D3EF86-F54F-4736-B3C3-77BE275E063E}.AppStore|x64.Build.0 = Debug|Any CPU
		{F8D3EF86-F54F-4736-B3C3-77BE275E063E}.AppStore|x86.ActiveCfg = Debug|Any CPU
		{F8D3EF86-F54F-4736-B3C3-77BE275E063E}.AppStore|x86.Build.0 = Debug|Any CPU
		{F8D3EF86-F54F-4736-B3C3-77BE275E063E}.Debug|Any CPU.ActiveCfg = Debug|Any CPU
		{F8D3EF86-F54F-4736-B3C3-77BE275E063E}.Debug|Any CPU.Build.0 = Debug|Any CPU
		{F8D3EF86-F54F-4736-B3C3-77BE275E063E}.Debug|ARM.ActiveCfg = Debug|Any CPU
		{F8D3EF86-F54F-4736-B3C3-77BE275E063E}.Debug|ARM.Build.0 = Debug|Any CPU
		{F8D3EF86-F54F-4736-B3C3-77BE275E063E}.Debug|ARM64.ActiveCfg = Debug|Any CPU
		{F8D3EF86-F54F-4736-B3C3-77BE275E063E}.Debug|ARM64.Build.0 = Debug|Any CPU
		{F8D3EF86-F54F-4736-B3C3-77BE275E063E}.Debug|iPhone.ActiveCfg = Debug|Any CPU
		{F8D3EF86-F54F-4736-B3C3-77BE275E063E}.Debug|iPhone.Build.0 = Debug|Any CPU
		{F8D3EF86-F54F-4736-B3C3-77BE275E063E}.Debug|iPhoneSimulator.ActiveCfg = Debug|Any CPU
		{F8D3EF86-F54F-4736-B3C3-77BE275E063E}.Debug|iPhoneSimulator.Build.0 = Debug|Any CPU
		{F8D3EF86-F54F-4736-B3C3-77BE275E063E}.Debug|x64.ActiveCfg = Debug|Any CPU
		{F8D3EF86-F54F-4736-B3C3-77BE275E063E}.Debug|x64.Build.0 = Debug|Any CPU
		{F8D3EF86-F54F-4736-B3C3-77BE275E063E}.Debug|x86.ActiveCfg = Debug|Any CPU
		{F8D3EF86-F54F-4736-B3C3-77BE275E063E}.Debug|x86.Build.0 = Debug|Any CPU
		{F8D3EF86-F54F-4736-B3C3-77BE275E063E}.Release|Any CPU.ActiveCfg = Release|Any CPU
		{F8D3EF86-F54F-4736-B3C3-77BE275E063E}.Release|Any CPU.Build.0 = Release|Any CPU
		{F8D3EF86-F54F-4736-B3C3-77BE275E063E}.Release|ARM.ActiveCfg = Release|Any CPU
		{F8D3EF86-F54F-4736-B3C3-77BE275E063E}.Release|ARM.Build.0 = Release|Any CPU
		{F8D3EF86-F54F-4736-B3C3-77BE275E063E}.Release|ARM64.ActiveCfg = Release|Any CPU
		{F8D3EF86-F54F-4736-B3C3-77BE275E063E}.Release|ARM64.Build.0 = Release|Any CPU
		{F8D3EF86-F54F-4736-B3C3-77BE275E063E}.Release|iPhone.ActiveCfg = Release|Any CPU
		{F8D3EF86-F54F-4736-B3C3-77BE275E063E}.Release|iPhone.Build.0 = Release|Any CPU
		{F8D3EF86-F54F-4736-B3C3-77BE275E063E}.Release|iPhoneSimulator.ActiveCfg = Release|Any CPU
		{F8D3EF86-F54F-4736-B3C3-77BE275E063E}.Release|iPhoneSimulator.Build.0 = Release|Any CPU
		{F8D3EF86-F54F-4736-B3C3-77BE275E063E}.Release|x64.ActiveCfg = Release|Any CPU
		{F8D3EF86-F54F-4736-B3C3-77BE275E063E}.Release|x64.Build.0 = Release|Any CPU
		{F8D3EF86-F54F-4736-B3C3-77BE275E063E}.Release|x86.ActiveCfg = Release|Any CPU
		{F8D3EF86-F54F-4736-B3C3-77BE275E063E}.Release|x86.Build.0 = Release|Any CPU
		{EB5BAA54-D05D-47E3-AE45-E5BBE27D92AE}.Ad-Hoc|Any CPU.ActiveCfg = Debug|Any CPU
		{EB5BAA54-D05D-47E3-AE45-E5BBE27D92AE}.Ad-Hoc|Any CPU.Build.0 = Debug|Any CPU
		{EB5BAA54-D05D-47E3-AE45-E5BBE27D92AE}.Ad-Hoc|ARM.ActiveCfg = Debug|Any CPU
		{EB5BAA54-D05D-47E3-AE45-E5BBE27D92AE}.Ad-Hoc|ARM.Build.0 = Debug|Any CPU
		{EB5BAA54-D05D-47E3-AE45-E5BBE27D92AE}.Ad-Hoc|ARM64.ActiveCfg = Debug|Any CPU
		{EB5BAA54-D05D-47E3-AE45-E5BBE27D92AE}.Ad-Hoc|ARM64.Build.0 = Debug|Any CPU
		{EB5BAA54-D05D-47E3-AE45-E5BBE27D92AE}.Ad-Hoc|iPhone.ActiveCfg = Debug|Any CPU
		{EB5BAA54-D05D-47E3-AE45-E5BBE27D92AE}.Ad-Hoc|iPhone.Build.0 = Debug|Any CPU
		{EB5BAA54-D05D-47E3-AE45-E5BBE27D92AE}.Ad-Hoc|iPhoneSimulator.ActiveCfg = Debug|Any CPU
		{EB5BAA54-D05D-47E3-AE45-E5BBE27D92AE}.Ad-Hoc|iPhoneSimulator.Build.0 = Debug|Any CPU
		{EB5BAA54-D05D-47E3-AE45-E5BBE27D92AE}.Ad-Hoc|x64.ActiveCfg = Debug|Any CPU
		{EB5BAA54-D05D-47E3-AE45-E5BBE27D92AE}.Ad-Hoc|x64.Build.0 = Debug|Any CPU
		{EB5BAA54-D05D-47E3-AE45-E5BBE27D92AE}.Ad-Hoc|x86.ActiveCfg = Debug|Any CPU
		{EB5BAA54-D05D-47E3-AE45-E5BBE27D92AE}.Ad-Hoc|x86.Build.0 = Debug|Any CPU
		{EB5BAA54-D05D-47E3-AE45-E5BBE27D92AE}.AppStore|Any CPU.ActiveCfg = Debug|Any CPU
		{EB5BAA54-D05D-47E3-AE45-E5BBE27D92AE}.AppStore|Any CPU.Build.0 = Debug|Any CPU
		{EB5BAA54-D05D-47E3-AE45-E5BBE27D92AE}.AppStore|ARM.ActiveCfg = Debug|Any CPU
		{EB5BAA54-D05D-47E3-AE45-E5BBE27D92AE}.AppStore|ARM.Build.0 = Debug|Any CPU
		{EB5BAA54-D05D-47E3-AE45-E5BBE27D92AE}.AppStore|ARM64.ActiveCfg = Debug|Any CPU
		{EB5BAA54-D05D-47E3-AE45-E5BBE27D92AE}.AppStore|ARM64.Build.0 = Debug|Any CPU
		{EB5BAA54-D05D-47E3-AE45-E5BBE27D92AE}.AppStore|iPhone.ActiveCfg = Debug|Any CPU
		{EB5BAA54-D05D-47E3-AE45-E5BBE27D92AE}.AppStore|iPhone.Build.0 = Debug|Any CPU
		{EB5BAA54-D05D-47E3-AE45-E5BBE27D92AE}.AppStore|iPhoneSimulator.ActiveCfg = Debug|Any CPU
		{EB5BAA54-D05D-47E3-AE45-E5BBE27D92AE}.AppStore|iPhoneSimulator.Build.0 = Debug|Any CPU
		{EB5BAA54-D05D-47E3-AE45-E5BBE27D92AE}.AppStore|x64.ActiveCfg = Debug|Any CPU
		{EB5BAA54-D05D-47E3-AE45-E5BBE27D92AE}.AppStore|x64.Build.0 = Debug|Any CPU
		{EB5BAA54-D05D-47E3-AE45-E5BBE27D92AE}.AppStore|x86.ActiveCfg = Debug|Any CPU
		{EB5BAA54-D05D-47E3-AE45-E5BBE27D92AE}.AppStore|x86.Build.0 = Debug|Any CPU
		{EB5BAA54-D05D-47E3-AE45-E5BBE27D92AE}.Debug|Any CPU.ActiveCfg = Debug|Any CPU
		{EB5BAA54-D05D-47E3-AE45-E5BBE27D92AE}.Debug|Any CPU.Build.0 = Debug|Any CPU
		{EB5BAA54-D05D-47E3-AE45-E5BBE27D92AE}.Debug|ARM.ActiveCfg = Debug|Any CPU
		{EB5BAA54-D05D-47E3-AE45-E5BBE27D92AE}.Debug|ARM.Build.0 = Debug|Any CPU
		{EB5BAA54-D05D-47E3-AE45-E5BBE27D92AE}.Debug|ARM64.ActiveCfg = Debug|Any CPU
		{EB5BAA54-D05D-47E3-AE45-E5BBE27D92AE}.Debug|ARM64.Build.0 = Debug|Any CPU
		{EB5BAA54-D05D-47E3-AE45-E5BBE27D92AE}.Debug|iPhone.ActiveCfg = Debug|Any CPU
		{EB5BAA54-D05D-47E3-AE45-E5BBE27D92AE}.Debug|iPhone.Build.0 = Debug|Any CPU
		{EB5BAA54-D05D-47E3-AE45-E5BBE27D92AE}.Debug|iPhoneSimulator.ActiveCfg = Debug|Any CPU
		{EB5BAA54-D05D-47E3-AE45-E5BBE27D92AE}.Debug|iPhoneSimulator.Build.0 = Debug|Any CPU
		{EB5BAA54-D05D-47E3-AE45-E5BBE27D92AE}.Debug|x64.ActiveCfg = Debug|Any CPU
		{EB5BAA54-D05D-47E3-AE45-E5BBE27D92AE}.Debug|x64.Build.0 = Debug|Any CPU
		{EB5BAA54-D05D-47E3-AE45-E5BBE27D92AE}.Debug|x86.ActiveCfg = Debug|Any CPU
		{EB5BAA54-D05D-47E3-AE45-E5BBE27D92AE}.Debug|x86.Build.0 = Debug|Any CPU
		{EB5BAA54-D05D-47E3-AE45-E5BBE27D92AE}.Release|Any CPU.ActiveCfg = Release|Any CPU
		{EB5BAA54-D05D-47E3-AE45-E5BBE27D92AE}.Release|Any CPU.Build.0 = Release|Any CPU
		{EB5BAA54-D05D-47E3-AE45-E5BBE27D92AE}.Release|ARM.ActiveCfg = Release|Any CPU
		{EB5BAA54-D05D-47E3-AE45-E5BBE27D92AE}.Release|ARM.Build.0 = Release|Any CPU
		{EB5BAA54-D05D-47E3-AE45-E5BBE27D92AE}.Release|ARM64.ActiveCfg = Release|Any CPU
		{EB5BAA54-D05D-47E3-AE45-E5BBE27D92AE}.Release|ARM64.Build.0 = Release|Any CPU
		{EB5BAA54-D05D-47E3-AE45-E5BBE27D92AE}.Release|iPhone.ActiveCfg = Release|Any CPU
		{EB5BAA54-D05D-47E3-AE45-E5BBE27D92AE}.Release|iPhone.Build.0 = Release|Any CPU
		{EB5BAA54-D05D-47E3-AE45-E5BBE27D92AE}.Release|iPhoneSimulator.ActiveCfg = Release|Any CPU
		{EB5BAA54-D05D-47E3-AE45-E5BBE27D92AE}.Release|iPhoneSimulator.Build.0 = Release|Any CPU
		{EB5BAA54-D05D-47E3-AE45-E5BBE27D92AE}.Release|x64.ActiveCfg = Release|Any CPU
		{EB5BAA54-D05D-47E3-AE45-E5BBE27D92AE}.Release|x64.Build.0 = Release|Any CPU
		{EB5BAA54-D05D-47E3-AE45-E5BBE27D92AE}.Release|x86.ActiveCfg = Release|Any CPU
		{EB5BAA54-D05D-47E3-AE45-E5BBE27D92AE}.Release|x86.Build.0 = Release|Any CPU
		{47F5FD53-3343-497F-9FBA-607255906D07}.Ad-Hoc|Any CPU.ActiveCfg = Debug|Any CPU
		{47F5FD53-3343-497F-9FBA-607255906D07}.Ad-Hoc|Any CPU.Build.0 = Debug|Any CPU
		{47F5FD53-3343-497F-9FBA-607255906D07}.Ad-Hoc|ARM.ActiveCfg = Debug|Any CPU
		{47F5FD53-3343-497F-9FBA-607255906D07}.Ad-Hoc|ARM.Build.0 = Debug|Any CPU
		{47F5FD53-3343-497F-9FBA-607255906D07}.Ad-Hoc|ARM64.ActiveCfg = Debug|Any CPU
		{47F5FD53-3343-497F-9FBA-607255906D07}.Ad-Hoc|ARM64.Build.0 = Debug|Any CPU
		{47F5FD53-3343-497F-9FBA-607255906D07}.Ad-Hoc|iPhone.ActiveCfg = Debug|Any CPU
		{47F5FD53-3343-497F-9FBA-607255906D07}.Ad-Hoc|iPhone.Build.0 = Debug|Any CPU
		{47F5FD53-3343-497F-9FBA-607255906D07}.Ad-Hoc|iPhoneSimulator.ActiveCfg = Debug|Any CPU
		{47F5FD53-3343-497F-9FBA-607255906D07}.Ad-Hoc|iPhoneSimulator.Build.0 = Debug|Any CPU
		{47F5FD53-3343-497F-9FBA-607255906D07}.Ad-Hoc|x64.ActiveCfg = Debug|Any CPU
		{47F5FD53-3343-497F-9FBA-607255906D07}.Ad-Hoc|x64.Build.0 = Debug|Any CPU
		{47F5FD53-3343-497F-9FBA-607255906D07}.Ad-Hoc|x86.ActiveCfg = Debug|Any CPU
		{47F5FD53-3343-497F-9FBA-607255906D07}.Ad-Hoc|x86.Build.0 = Debug|Any CPU
		{47F5FD53-3343-497F-9FBA-607255906D07}.AppStore|Any CPU.ActiveCfg = Debug|Any CPU
		{47F5FD53-3343-497F-9FBA-607255906D07}.AppStore|Any CPU.Build.0 = Debug|Any CPU
		{47F5FD53-3343-497F-9FBA-607255906D07}.AppStore|ARM.ActiveCfg = Debug|Any CPU
		{47F5FD53-3343-497F-9FBA-607255906D07}.AppStore|ARM.Build.0 = Debug|Any CPU
		{47F5FD53-3343-497F-9FBA-607255906D07}.AppStore|ARM64.ActiveCfg = Debug|Any CPU
		{47F5FD53-3343-497F-9FBA-607255906D07}.AppStore|ARM64.Build.0 = Debug|Any CPU
		{47F5FD53-3343-497F-9FBA-607255906D07}.AppStore|iPhone.ActiveCfg = Debug|Any CPU
		{47F5FD53-3343-497F-9FBA-607255906D07}.AppStore|iPhone.Build.0 = Debug|Any CPU
		{47F5FD53-3343-497F-9FBA-607255906D07}.AppStore|iPhoneSimulator.ActiveCfg = Debug|Any CPU
		{47F5FD53-3343-497F-9FBA-607255906D07}.AppStore|iPhoneSimulator.Build.0 = Debug|Any CPU
		{47F5FD53-3343-497F-9FBA-607255906D07}.AppStore|x64.ActiveCfg = Debug|Any CPU
		{47F5FD53-3343-497F-9FBA-607255906D07}.AppStore|x64.Build.0 = Debug|Any CPU
		{47F5FD53-3343-497F-9FBA-607255906D07}.AppStore|x86.ActiveCfg = Debug|Any CPU
		{47F5FD53-3343-497F-9FBA-607255906D07}.AppStore|x86.Build.0 = Debug|Any CPU
		{47F5FD53-3343-497F-9FBA-607255906D07}.Debug|Any CPU.ActiveCfg = Debug|Any CPU
		{47F5FD53-3343-497F-9FBA-607255906D07}.Debug|Any CPU.Build.0 = Debug|Any CPU
		{47F5FD53-3343-497F-9FBA-607255906D07}.Debug|ARM.ActiveCfg = Debug|Any CPU
		{47F5FD53-3343-497F-9FBA-607255906D07}.Debug|ARM.Build.0 = Debug|Any CPU
		{47F5FD53-3343-497F-9FBA-607255906D07}.Debug|ARM64.ActiveCfg = Debug|Any CPU
		{47F5FD53-3343-497F-9FBA-607255906D07}.Debug|ARM64.Build.0 = Debug|Any CPU
		{47F5FD53-3343-497F-9FBA-607255906D07}.Debug|iPhone.ActiveCfg = Debug|Any CPU
		{47F5FD53-3343-497F-9FBA-607255906D07}.Debug|iPhone.Build.0 = Debug|Any CPU
		{47F5FD53-3343-497F-9FBA-607255906D07}.Debug|iPhoneSimulator.ActiveCfg = Debug|Any CPU
		{47F5FD53-3343-497F-9FBA-607255906D07}.Debug|iPhoneSimulator.Build.0 = Debug|Any CPU
		{47F5FD53-3343-497F-9FBA-607255906D07}.Debug|x64.ActiveCfg = Debug|Any CPU
		{47F5FD53-3343-497F-9FBA-607255906D07}.Debug|x64.Build.0 = Debug|Any CPU
		{47F5FD53-3343-497F-9FBA-607255906D07}.Debug|x86.ActiveCfg = Debug|Any CPU
		{47F5FD53-3343-497F-9FBA-607255906D07}.Debug|x86.Build.0 = Debug|Any CPU
		{47F5FD53-3343-497F-9FBA-607255906D07}.Release|Any CPU.ActiveCfg = Release|Any CPU
		{47F5FD53-3343-497F-9FBA-607255906D07}.Release|Any CPU.Build.0 = Release|Any CPU
		{47F5FD53-3343-497F-9FBA-607255906D07}.Release|ARM.ActiveCfg = Release|Any CPU
		{47F5FD53-3343-497F-9FBA-607255906D07}.Release|ARM.Build.0 = Release|Any CPU
		{47F5FD53-3343-497F-9FBA-607255906D07}.Release|ARM64.ActiveCfg = Release|Any CPU
		{47F5FD53-3343-497F-9FBA-607255906D07}.Release|ARM64.Build.0 = Release|Any CPU
		{47F5FD53-3343-497F-9FBA-607255906D07}.Release|iPhone.ActiveCfg = Release|Any CPU
		{47F5FD53-3343-497F-9FBA-607255906D07}.Release|iPhone.Build.0 = Release|Any CPU
		{47F5FD53-3343-497F-9FBA-607255906D07}.Release|iPhoneSimulator.ActiveCfg = Release|Any CPU
		{47F5FD53-3343-497F-9FBA-607255906D07}.Release|iPhoneSimulator.Build.0 = Release|Any CPU
		{47F5FD53-3343-497F-9FBA-607255906D07}.Release|x64.ActiveCfg = Release|Any CPU
		{47F5FD53-3343-497F-9FBA-607255906D07}.Release|x64.Build.0 = Release|Any CPU
		{47F5FD53-3343-497F-9FBA-607255906D07}.Release|x86.ActiveCfg = Release|Any CPU
		{47F5FD53-3343-497F-9FBA-607255906D07}.Release|x86.Build.0 = Release|Any CPU
		{B8CF88F1-B6B0-4EFF-BBE2-80276C4281DC}.Ad-Hoc|Any CPU.ActiveCfg = Debug|Any CPU
		{B8CF88F1-B6B0-4EFF-BBE2-80276C4281DC}.Ad-Hoc|Any CPU.Build.0 = Debug|Any CPU
		{B8CF88F1-B6B0-4EFF-BBE2-80276C4281DC}.Ad-Hoc|ARM.ActiveCfg = Debug|Any CPU
		{B8CF88F1-B6B0-4EFF-BBE2-80276C4281DC}.Ad-Hoc|ARM.Build.0 = Debug|Any CPU
		{B8CF88F1-B6B0-4EFF-BBE2-80276C4281DC}.Ad-Hoc|ARM64.ActiveCfg = Debug|Any CPU
		{B8CF88F1-B6B0-4EFF-BBE2-80276C4281DC}.Ad-Hoc|ARM64.Build.0 = Debug|Any CPU
		{B8CF88F1-B6B0-4EFF-BBE2-80276C4281DC}.Ad-Hoc|iPhone.ActiveCfg = Debug|Any CPU
		{B8CF88F1-B6B0-4EFF-BBE2-80276C4281DC}.Ad-Hoc|iPhone.Build.0 = Debug|Any CPU
		{B8CF88F1-B6B0-4EFF-BBE2-80276C4281DC}.Ad-Hoc|iPhoneSimulator.ActiveCfg = Debug|Any CPU
		{B8CF88F1-B6B0-4EFF-BBE2-80276C4281DC}.Ad-Hoc|iPhoneSimulator.Build.0 = Debug|Any CPU
		{B8CF88F1-B6B0-4EFF-BBE2-80276C4281DC}.Ad-Hoc|x64.ActiveCfg = Debug|Any CPU
		{B8CF88F1-B6B0-4EFF-BBE2-80276C4281DC}.Ad-Hoc|x64.Build.0 = Debug|Any CPU
		{B8CF88F1-B6B0-4EFF-BBE2-80276C4281DC}.Ad-Hoc|x86.ActiveCfg = Debug|Any CPU
		{B8CF88F1-B6B0-4EFF-BBE2-80276C4281DC}.Ad-Hoc|x86.Build.0 = Debug|Any CPU
		{B8CF88F1-B6B0-4EFF-BBE2-80276C4281DC}.AppStore|Any CPU.ActiveCfg = Debug|Any CPU
		{B8CF88F1-B6B0-4EFF-BBE2-80276C4281DC}.AppStore|Any CPU.Build.0 = Debug|Any CPU
		{B8CF88F1-B6B0-4EFF-BBE2-80276C4281DC}.AppStore|ARM.ActiveCfg = Debug|Any CPU
		{B8CF88F1-B6B0-4EFF-BBE2-80276C4281DC}.AppStore|ARM.Build.0 = Debug|Any CPU
		{B8CF88F1-B6B0-4EFF-BBE2-80276C4281DC}.AppStore|ARM64.ActiveCfg = Debug|Any CPU
		{B8CF88F1-B6B0-4EFF-BBE2-80276C4281DC}.AppStore|ARM64.Build.0 = Debug|Any CPU
		{B8CF88F1-B6B0-4EFF-BBE2-80276C4281DC}.AppStore|iPhone.ActiveCfg = Debug|Any CPU
		{B8CF88F1-B6B0-4EFF-BBE2-80276C4281DC}.AppStore|iPhone.Build.0 = Debug|Any CPU
		{B8CF88F1-B6B0-4EFF-BBE2-80276C4281DC}.AppStore|iPhoneSimulator.ActiveCfg = Debug|Any CPU
		{B8CF88F1-B6B0-4EFF-BBE2-80276C4281DC}.AppStore|iPhoneSimulator.Build.0 = Debug|Any CPU
		{B8CF88F1-B6B0-4EFF-BBE2-80276C4281DC}.AppStore|x64.ActiveCfg = Debug|Any CPU
		{B8CF88F1-B6B0-4EFF-BBE2-80276C4281DC}.AppStore|x64.Build.0 = Debug|Any CPU
		{B8CF88F1-B6B0-4EFF-BBE2-80276C4281DC}.AppStore|x86.ActiveCfg = Debug|Any CPU
		{B8CF88F1-B6B0-4EFF-BBE2-80276C4281DC}.AppStore|x86.Build.0 = Debug|Any CPU
		{B8CF88F1-B6B0-4EFF-BBE2-80276C4281DC}.Debug|Any CPU.ActiveCfg = Debug|Any CPU
		{B8CF88F1-B6B0-4EFF-BBE2-80276C4281DC}.Debug|Any CPU.Build.0 = Debug|Any CPU
		{B8CF88F1-B6B0-4EFF-BBE2-80276C4281DC}.Debug|ARM.ActiveCfg = Debug|Any CPU
		{B8CF88F1-B6B0-4EFF-BBE2-80276C4281DC}.Debug|ARM.Build.0 = Debug|Any CPU
		{B8CF88F1-B6B0-4EFF-BBE2-80276C4281DC}.Debug|ARM64.ActiveCfg = Debug|Any CPU
		{B8CF88F1-B6B0-4EFF-BBE2-80276C4281DC}.Debug|ARM64.Build.0 = Debug|Any CPU
		{B8CF88F1-B6B0-4EFF-BBE2-80276C4281DC}.Debug|iPhone.ActiveCfg = Debug|Any CPU
		{B8CF88F1-B6B0-4EFF-BBE2-80276C4281DC}.Debug|iPhone.Build.0 = Debug|Any CPU
		{B8CF88F1-B6B0-4EFF-BBE2-80276C4281DC}.Debug|iPhoneSimulator.ActiveCfg = Debug|Any CPU
		{B8CF88F1-B6B0-4EFF-BBE2-80276C4281DC}.Debug|iPhoneSimulator.Build.0 = Debug|Any CPU
		{B8CF88F1-B6B0-4EFF-BBE2-80276C4281DC}.Debug|x64.ActiveCfg = Debug|Any CPU
		{B8CF88F1-B6B0-4EFF-BBE2-80276C4281DC}.Debug|x64.Build.0 = Debug|Any CPU
		{B8CF88F1-B6B0-4EFF-BBE2-80276C4281DC}.Debug|x86.ActiveCfg = Debug|Any CPU
		{B8CF88F1-B6B0-4EFF-BBE2-80276C4281DC}.Debug|x86.Build.0 = Debug|Any CPU
		{B8CF88F1-B6B0-4EFF-BBE2-80276C4281DC}.Release|Any CPU.ActiveCfg = Release|Any CPU
		{B8CF88F1-B6B0-4EFF-BBE2-80276C4281DC}.Release|Any CPU.Build.0 = Release|Any CPU
		{B8CF88F1-B6B0-4EFF-BBE2-80276C4281DC}.Release|ARM.ActiveCfg = Release|Any CPU
		{B8CF88F1-B6B0-4EFF-BBE2-80276C4281DC}.Release|ARM.Build.0 = Release|Any CPU
		{B8CF88F1-B6B0-4EFF-BBE2-80276C4281DC}.Release|ARM64.ActiveCfg = Release|Any CPU
		{B8CF88F1-B6B0-4EFF-BBE2-80276C4281DC}.Release|ARM64.Build.0 = Release|Any CPU
		{B8CF88F1-B6B0-4EFF-BBE2-80276C4281DC}.Release|iPhone.ActiveCfg = Release|Any CPU
		{B8CF88F1-B6B0-4EFF-BBE2-80276C4281DC}.Release|iPhone.Build.0 = Release|Any CPU
		{B8CF88F1-B6B0-4EFF-BBE2-80276C4281DC}.Release|iPhoneSimulator.ActiveCfg = Release|Any CPU
		{B8CF88F1-B6B0-4EFF-BBE2-80276C4281DC}.Release|iPhoneSimulator.Build.0 = Release|Any CPU
		{B8CF88F1-B6B0-4EFF-BBE2-80276C4281DC}.Release|x64.ActiveCfg = Release|Any CPU
		{B8CF88F1-B6B0-4EFF-BBE2-80276C4281DC}.Release|x64.Build.0 = Release|Any CPU
		{B8CF88F1-B6B0-4EFF-BBE2-80276C4281DC}.Release|x86.ActiveCfg = Release|Any CPU
		{B8CF88F1-B6B0-4EFF-BBE2-80276C4281DC}.Release|x86.Build.0 = Release|Any CPU
	EndGlobalSection
	GlobalSection(SolutionProperties) = preSolution
		HideSolutionNode = FALSE
	EndGlobalSection
	GlobalSection(NestedProjects) = preSolution
		{792739CB-98ED-4664-9BCE-2FD0EDFF752C} = {2EB7D427-C78E-4793-B688-796393850EE6}
		{D701614D-E413-408C-A14E-EAF3684C7EAE} = {2EB7D427-C78E-4793-B688-796393850EE6}
		{1A406EFB-F5D2-4B0F-9DFE-1BD9D64CCFEA} = {2EB7D427-C78E-4793-B688-796393850EE6}
		{85AFC91F-CD39-46BD-BB1C-99F8ACA25878} = {2EB7D427-C78E-4793-B688-796393850EE6}
		{2F56FD6F-495B-4554-BB65-1B135CB8C3AF} = {2EB7D427-C78E-4793-B688-796393850EE6}
		{F8D3EF86-F54F-4736-B3C3-77BE275E063E} = {2EB7D427-C78E-4793-B688-796393850EE6}
		{EB5BAA54-D05D-47E3-AE45-E5BBE27D92AE} = {2EB7D427-C78E-4793-B688-796393850EE6}
		{47F5FD53-3343-497F-9FBA-607255906D07} = {2EB7D427-C78E-4793-B688-796393850EE6}
		{B8CF88F1-B6B0-4EFF-BBE2-80276C4281DC} = {2EB7D427-C78E-4793-B688-796393850EE6}
	EndGlobalSection
	GlobalSection(ExtensibilityGlobals) = postSolution
		SolutionGuid = {789522BD-1BFD-420C-9B8B-BB0EA45DD084}
	EndGlobalSection
EndGlobal
